PODS:
  - AFNetworking (2.3.1):
    - AFNetworking/NSURLConnection
    - AFNetworking/NSURLSession
    - AFNetworking/Reachability
    - AFNetworking/Security
    - AFNetworking/Serialization
    - AFNetworking/UIKit
  - AFNetworking/NSURLConnection (2.3.1):
    - AFNetworking/Reachability
    - AFNetworking/Security
    - AFNetworking/Serialization
  - AFNetworking/NSURLSession (2.3.1):
    - AFNetworking/Reachability
    - AFNetworking/Security
    - AFNetworking/Serialization
  - AFNetworking/Reachability (2.3.1)
  - AFNetworking/Security (2.3.1)
  - AFNetworking/Serialization (2.3.1)
  - AFNetworking/UIKit (2.3.1):
    - AFNetworking/NSURLConnection
    - AFNetworking/NSURLSession
  - APTimeZones (1.1)
  - GHUnitIOS (0.5.8)
  - GPUImage (0.1.4)
  - JFOpenWeatherMapManager (1.0.0):
    - AFNetworking
    - APTimeZones
  - SBJson (4.0.1)

DEPENDENCIES:
  - GHUnitIOS (~> 0.5.6)
  - GPUImage (~> 0.1.4)
  - JFOpenWeatherMapManager (~> 1.0.0)
  - SBJson (~> 4.0.0)

SPEC CHECKSUMS:
  AFNetworking: 6d7b76aa5d04c8c37daad3eef4b7e3f2a7620da3
  APTimeZones: 887a7b5a7abd4a05fcc4de3ff7427d5248becdaf
  GHUnitIOS: 0fe5a01896673a7768ee76158fbae02ad8fde853
  GPUImage: ac2bde5f4dbea02a81ced6313964cec1f2043ca9
  JFOpenWeatherMapManager: 816e67c34d282b1cde35aac06e0120a605908f55
  SBJson: d71212c078abf4679d54b0d0565260c474e46235

COCOAPODS: 0.33.1
